
Microsoft Visual Studio Solution File, Format Version 12.00
# Visual Studio Version 17
VisualStudioVersion = 17.3.32811.315
MinimumVisualStudioVersion = 10.0.40219.1
Project("{FAE04EC0-301F-11D3-BF4B-00C04F79EFBC}") = "FE03", "FE03\FE03.csproj", "{B1F4FF32-98C3-4F9B-891B-5B168AD01D56}"
EndProject
Global
	GlobalSection(SolutionConfigurationPlatforms) = preSolution
		Debug|Any CPU = Debug|Any CPU
		Release|Any CPU = Release|Any CPU
	EndGlobalSection
	GlobalSection(ProjectConfigurationPlatforms) = postSolution
		{B1F4FF32-98C3-4F9B-891B-5B168AD01D56}.Debug|Any CPU.ActiveCfg = Debug|Any CPU
		{B1F4FF32-98C3-4F9B-891B-5B168AD01D56}.Debug|Any CPU.Build.0 = Debug|Any CPU
		{B1F4FF32-98C3-4F9B-891B-5B168AD01D56}.Release|Any CPU.ActiveCfg = Release|Any CPU
		{B1F4FF32-98C3-4F9B-891B-5B168AD01D56}.Release|Any CPU.Build.0 = Release|Any CPU
	EndGlobalSection
	GlobalSection(SolutionProperties) = preSolution
		HideSolutionNode = FALSE
	EndGlobalSection
	GlobalSection(ExtensibilityGlobals) = postSolution
		SolutionGuid = {3B5C0635-91B1-45CF-B798-98EC219F33A6}
	EndGlobalSection
EndGlobal
